
Microsoft Visual Studio Solution File, Format Version 10.00
# Visual Studio 2008
Project("{FAE04EC0-301F-11D3-BF4B-00C04F79EFBC}") = "MarkdownParser", "MarkdownParser.csproj", "{4E991FAD-190C-4B19-BF9F-25783E9EC6C0}"
EndProject
Global
	GlobalSection(SolutionConfigurationPlatforms) = preSolution
		Debug|Any CPU = Debug|Any CPU
		Release|Any CPU = Release|Any CPU
	EndGlobalSection
	GlobalSection(ProjectConfigurationPlatforms) = postSolution
		{4E991FAD-190C-4B19-BF9F-25783E9EC6C0}.Debug|Any CPU.ActiveCfg = Debug|Any CPU
		{4E991FAD-190C-4B19-BF9F-25783E9EC6C0}.Debug|Any CPU.Build.0 = Debug|Any CPU
		{4E991FAD-190C-4B19-BF9F-25783E9EC6C0}.Release|Any CPU.ActiveCfg = Release|Any CPU
		{4E991FAD-190C-4B19-BF9F-25783E9EC6C0}.Release|Any CPU.Build.0 = Release|Any CPU
	EndGlobalSection
	GlobalSection(SolutionProperties) = preSolution
		HideSolutionNode = FALSE
	EndGlobalSection
EndGlobal
