
Microsoft Visual Studio Solution File, Format Version 12.00
# Visual Studio 14
VisualStudioVersion = 14.0.25420.1
MinimumVisualStudioVersion = 10.0.40219.1
Project("{FAE04EC0-301F-11D3-BF4B-00C04F79EFBC}") = "Benchmark", "src\Benchmark\Benchmark.csproj", "{F2CA84AE-4B7C-46F5-9889-82BC5F9F0F4E}"
EndProject
Project("{FAE04EC0-301F-11D3-BF4B-00C04F79EFBC}") = "Numerics", "src\Numerics\Numerics.csproj", "{B7CAE5F4-A23F-4438-B5BE-41226618B695}"
EndProject
Project("{2150E333-8FDC-42A3-9474-1A3956D46DE8}") = "Solution Items", "Solution Items", "{8DFE7990-CAC9-4BCC-A1D7-F86F0892DD84}"
	ProjectSection(SolutionItems) = preProject
		paket.dependencies = paket.dependencies
		paket.lock = paket.lock
	EndProjectSection
EndProject
Global
	GlobalSection(SolutionConfigurationPlatforms) = preSolution
		Release|x64 = Release|x64
		Release|x86 = Release|x86
	EndGlobalSection
	GlobalSection(ProjectConfigurationPlatforms) = postSolution
		{F2CA84AE-4B7C-46F5-9889-82BC5F9F0F4E}.Release|x64.ActiveCfg = Release|x64
		{F2CA84AE-4B7C-46F5-9889-82BC5F9F0F4E}.Release|x64.Build.0 = Release|x64
		{F2CA84AE-4B7C-46F5-9889-82BC5F9F0F4E}.Release|x86.ActiveCfg = Release|x64
		{F2CA84AE-4B7C-46F5-9889-82BC5F9F0F4E}.Release|x86.Build.0 = Release|x64
		{B7CAE5F4-A23F-4438-B5BE-41226618B695}.Release|x64.ActiveCfg = Release|Any CPU
		{B7CAE5F4-A23F-4438-B5BE-41226618B695}.Release|x64.Build.0 = Release|Any CPU
		{B7CAE5F4-A23F-4438-B5BE-41226618B695}.Release|x86.ActiveCfg = Release|Any CPU
		{B7CAE5F4-A23F-4438-B5BE-41226618B695}.Release|x86.Build.0 = Release|Any CPU
	EndGlobalSection
	GlobalSection(SolutionProperties) = preSolution
		HideSolutionNode = FALSE
	EndGlobalSection
EndGlobal
