
Microsoft Visual Studio Solution File, Format Version 11.00
# Visual Studio 2010
Project("{2150E333-8FDC-42A3-9474-1A3956D46DE8}") = "Readme", "Readme", "{C2F37492-38AE-4186-8A7F-17B0B080942C}"
	ProjectSection(SolutionItems) = preProject
		AUTHORS.markdown = AUTHORS.markdown
		COPYRIGHT.markdown = COPYRIGHT.markdown
		README.markdown = README.markdown
	EndProjectSection
EndProject
Project("{FAE04EC0-301F-11D3-BF4B-00C04F79EFBC}") = "Portable", "src\Portable\Portable.csproj", "{D877F358-A2D2-4CC3-A921-8AA5CF6187E8}"
EndProject
Global
	GlobalSection(SolutionConfigurationPlatforms) = preSolution
		Debug|Any CPU = Debug|Any CPU
		Release|Any CPU = Release|Any CPU
	EndGlobalSection
	GlobalSection(ProjectConfigurationPlatforms) = postSolution
		{D877F358-A2D2-4CC3-A921-8AA5CF6187E8}.Debug|Any CPU.ActiveCfg = Debug|Any CPU
		{D877F358-A2D2-4CC3-A921-8AA5CF6187E8}.Debug|Any CPU.Build.0 = Debug|Any CPU
		{D877F358-A2D2-4CC3-A921-8AA5CF6187E8}.Release|Any CPU.ActiveCfg = Release|Any CPU
		{D877F358-A2D2-4CC3-A921-8AA5CF6187E8}.Release|Any CPU.Build.0 = Release|Any CPU
	EndGlobalSection
	GlobalSection(SolutionProperties) = preSolution
		HideSolutionNode = FALSE
	EndGlobalSection
EndGlobal
