
Microsoft Visual Studio Solution File, Format Version 12.00
# Visual Studio 15
VisualStudioVersion = 15.0.26430.12
MinimumVisualStudioVersion = 10.0.40219.1
Project("{9A19103F-16F7-4668-BE54-9A1E7A4F7556}") = "Numerics-2017", "src\Numerics\Numerics-2017.csproj", "{4C1F1555-F9C6-45A0-B076-97384CA2BA7F}"
EndProject
Project("{9A19103F-16F7-4668-BE54-9A1E7A4F7556}") = "TestData-2017", "src\TestData\TestData-2017.csproj", "{032AE5BB-2D1C-405E-83EF-D4306803C4BE}"
EndProject
Project("{9A19103F-16F7-4668-BE54-9A1E7A4F7556}") = "UnitTests-2017", "src\UnitTests\UnitTests-2017.csproj", "{9B7A2692-AA86-4A4E-B83B-E2D025FB634F}"
EndProject
Global
	GlobalSection(SolutionConfigurationPlatforms) = preSolution
		Debug|Any CPU = Debug|Any CPU
		Release|Any CPU = Release|Any CPU
		Release-Signed|Any CPU = Release-Signed|Any CPU
	EndGlobalSection
	GlobalSection(ProjectConfigurationPlatforms) = postSolution
		{4C1F1555-F9C6-45A0-B076-97384CA2BA7F}.Debug|Any CPU.ActiveCfg = Debug|Any CPU
		{4C1F1555-F9C6-45A0-B076-97384CA2BA7F}.Debug|Any CPU.Build.0 = Debug|Any CPU
		{4C1F1555-F9C6-45A0-B076-97384CA2BA7F}.Release|Any CPU.ActiveCfg = Release|Any CPU
		{4C1F1555-F9C6-45A0-B076-97384CA2BA7F}.Release|Any CPU.Build.0 = Release|Any CPU
		{4C1F1555-F9C6-45A0-B076-97384CA2BA7F}.Release-Signed|Any CPU.ActiveCfg = Release|Any CPU
		{4C1F1555-F9C6-45A0-B076-97384CA2BA7F}.Release-Signed|Any CPU.Build.0 = Release|Any CPU
		{032AE5BB-2D1C-405E-83EF-D4306803C4BE}.Debug|Any CPU.ActiveCfg = Debug|Any CPU
		{032AE5BB-2D1C-405E-83EF-D4306803C4BE}.Debug|Any CPU.Build.0 = Debug|Any CPU
		{032AE5BB-2D1C-405E-83EF-D4306803C4BE}.Release|Any CPU.ActiveCfg = Release|Any CPU
		{032AE5BB-2D1C-405E-83EF-D4306803C4BE}.Release|Any CPU.Build.0 = Release|Any CPU
		{032AE5BB-2D1C-405E-83EF-D4306803C4BE}.Release-Signed|Any CPU.ActiveCfg = Release-Signed|Any CPU
		{032AE5BB-2D1C-405E-83EF-D4306803C4BE}.Release-Signed|Any CPU.Build.0 = Release-Signed|Any CPU
		{9B7A2692-AA86-4A4E-B83B-E2D025FB634F}.Debug|Any CPU.ActiveCfg = Debug|Any CPU
		{9B7A2692-AA86-4A4E-B83B-E2D025FB634F}.Debug|Any CPU.Build.0 = Debug|Any CPU
		{9B7A2692-AA86-4A4E-B83B-E2D025FB634F}.Release|Any CPU.ActiveCfg = Release|Any CPU
		{9B7A2692-AA86-4A4E-B83B-E2D025FB634F}.Release|Any CPU.Build.0 = Release|Any CPU
		{9B7A2692-AA86-4A4E-B83B-E2D025FB634F}.Release-Signed|Any CPU.ActiveCfg = Release|Any CPU
		{9B7A2692-AA86-4A4E-B83B-E2D025FB634F}.Release-Signed|Any CPU.Build.0 = Release|Any CPU
	EndGlobalSection
	GlobalSection(SolutionProperties) = preSolution
		HideSolutionNode = FALSE
	EndGlobalSection
EndGlobal
