
Microsoft Visual Studio Solution File, Format Version 12.00
# Visual Studio 14
VisualStudioVersion = 14.0.25420.1
MinimumVisualStudioVersion = 10.0.40219.1
Project("{8BB2217D-0F2D-49D1-97BC-3654ED321F3B}") = "Mathnet-Core", "src\Numerics\Mathnet-Core.xproj", "{DC4F0686-033C-4D53-8423-2DC40FD29429}"
EndProject
Global
	GlobalSection(SolutionConfigurationPlatforms) = preSolution
		Debug|Any CPU = Debug|Any CPU
		Release|Any CPU = Release|Any CPU
	EndGlobalSection
	GlobalSection(ProjectConfigurationPlatforms) = postSolution
		{DC4F0686-033C-4D53-8423-2DC40FD29429}.Debug|Any CPU.ActiveCfg = Debug|Any CPU
		{DC4F0686-033C-4D53-8423-2DC40FD29429}.Debug|Any CPU.Build.0 = Debug|Any CPU
		{DC4F0686-033C-4D53-8423-2DC40FD29429}.Release|Any CPU.ActiveCfg = Release|Any CPU
		{DC4F0686-033C-4D53-8423-2DC40FD29429}.Release|Any CPU.Build.0 = Release|Any CPU
	EndGlobalSection
	GlobalSection(SolutionProperties) = preSolution
		HideSolutionNode = FALSE
	EndGlobalSection
	GlobalSection(MonoDevelopProperties) = preSolution
		StartupItem = src\Numerics\Numerics.csproj
	EndGlobalSection
EndGlobal
