
Microsoft Visual Studio Solution File, Format Version 12.00
# Visual Studio 2013
VisualStudioVersion = 12.0.30723.0
MinimumVisualStudioVersion = 10.0.40219.1
Project("{FAE04EC0-301F-11D3-BF4B-00C04F79EFBC}") = "Performance", "src\Performance\Performance.csproj", "{F2CA84AE-4B7C-46F5-9889-82BC5F9F0F4E}"
EndProject
Project("{FAE04EC0-301F-11D3-BF4B-00C04F79EFBC}") = "Numerics", "src\Numerics\Numerics.csproj", "{B7CAE5F4-A23F-4438-B5BE-41226618B695}"
EndProject
Global
	GlobalSection(SolutionConfigurationPlatforms) = preSolution
		Debug|Any CPU = Debug|Any CPU
		Release (No MKL)|Any CPU = Release (No MKL)|Any CPU
		Release|Any CPU = Release|Any CPU
		Release-Signed|Any CPU = Release-Signed|Any CPU
	EndGlobalSection
	GlobalSection(ProjectConfigurationPlatforms) = postSolution
		{F2CA84AE-4B7C-46F5-9889-82BC5F9F0F4E}.Debug|Any CPU.ActiveCfg = Debug|Any CPU
		{F2CA84AE-4B7C-46F5-9889-82BC5F9F0F4E}.Debug|Any CPU.Build.0 = Debug|Any CPU
		{F2CA84AE-4B7C-46F5-9889-82BC5F9F0F4E}.Release (No MKL)|Any CPU.ActiveCfg = Release (No MKL)|Any CPU
		{F2CA84AE-4B7C-46F5-9889-82BC5F9F0F4E}.Release (No MKL)|Any CPU.Build.0 = Release (No MKL)|Any CPU
		{F2CA84AE-4B7C-46F5-9889-82BC5F9F0F4E}.Release|Any CPU.ActiveCfg = Release|Any CPU
		{F2CA84AE-4B7C-46F5-9889-82BC5F9F0F4E}.Release|Any CPU.Build.0 = Release|Any CPU
		{F2CA84AE-4B7C-46F5-9889-82BC5F9F0F4E}.Release-Signed|Any CPU.ActiveCfg = Release|Any CPU
		{F2CA84AE-4B7C-46F5-9889-82BC5F9F0F4E}.Release-Signed|Any CPU.Build.0 = Release|Any CPU
		{B7CAE5F4-A23F-4438-B5BE-41226618B695}.Debug|Any CPU.ActiveCfg = Debug|Any CPU
		{B7CAE5F4-A23F-4438-B5BE-41226618B695}.Debug|Any CPU.Build.0 = Debug|Any CPU
		{B7CAE5F4-A23F-4438-B5BE-41226618B695}.Release (No MKL)|Any CPU.ActiveCfg = Release|Any CPU
		{B7CAE5F4-A23F-4438-B5BE-41226618B695}.Release (No MKL)|Any CPU.Build.0 = Release|Any CPU
		{B7CAE5F4-A23F-4438-B5BE-41226618B695}.Release|Any CPU.ActiveCfg = Release|Any CPU
		{B7CAE5F4-A23F-4438-B5BE-41226618B695}.Release|Any CPU.Build.0 = Release|Any CPU
		{B7CAE5F4-A23F-4438-B5BE-41226618B695}.Release-Signed|Any CPU.ActiveCfg = Release-Signed|Any CPU
		{B7CAE5F4-A23F-4438-B5BE-41226618B695}.Release-Signed|Any CPU.Build.0 = Release-Signed|Any CPU
	EndGlobalSection
	GlobalSection(SolutionProperties) = preSolution
		HideSolutionNode = FALSE
	EndGlobalSection
EndGlobal
