
Microsoft Visual Studio Solution File, Format Version 12.00
# Visual Studio 15
VisualStudioVersion = 15.0.27130.2026
MinimumVisualStudioVersion = 10.0.40219.1
Project("{FAE04EC0-301F-11D3-BF4B-00C04F79EFBC}") = "net45-console-csharp", "net45-console-csharp.csproj", "{3D42354C-CEB7-4B35-856C-4A60E84F33E5}"
EndProject
Global
	GlobalSection(SolutionConfigurationPlatforms) = preSolution
		Debug|Any CPU = Debug|Any CPU
		Release|Any CPU = Release|Any CPU
	EndGlobalSection
	GlobalSection(ProjectConfigurationPlatforms) = postSolution
		{3D42354C-CEB7-4B35-856C-4A60E84F33E5}.Debug|Any CPU.ActiveCfg = Debug|Any CPU
		{3D42354C-CEB7-4B35-856C-4A60E84F33E5}.Debug|Any CPU.Build.0 = Debug|Any CPU
		{3D42354C-CEB7-4B35-856C-4A60E84F33E5}.Release|Any CPU.ActiveCfg = Release|Any CPU
		{3D42354C-CEB7-4B35-856C-4A60E84F33E5}.Release|Any CPU.Build.0 = Release|Any CPU
	EndGlobalSection
	GlobalSection(SolutionProperties) = preSolution
		HideSolutionNode = FALSE
	EndGlobalSection
	GlobalSection(ExtensibilityGlobals) = postSolution
		SolutionGuid = {90333CC7-17E3-4F3A-B74A-58A80FBA599C}
	EndGlobalSection
EndGlobal
