
Microsoft Visual Studio Solution File, Format Version 12.00
# Visual Studio 15
VisualStudioVersion = 15.0.27130.2026
MinimumVisualStudioVersion = 10.0.40219.1
Project("{F2A71F9B-5D33-465A-A702-920D77279786}") = "netcore20-console-fsharp", "netcore20-console-fsharp.fsproj", "{5B271DEE-042F-4F7E-B7F8-BA60FB466236}"
EndProject
Global
	GlobalSection(SolutionConfigurationPlatforms) = preSolution
		Debug|Any CPU = Debug|Any CPU
		Release|Any CPU = Release|Any CPU
	EndGlobalSection
	GlobalSection(ProjectConfigurationPlatforms) = postSolution
		{5B271DEE-042F-4F7E-B7F8-BA60FB466236}.Debug|Any CPU.ActiveCfg = Debug|Any CPU
		{5B271DEE-042F-4F7E-B7F8-BA60FB466236}.Debug|Any CPU.Build.0 = Debug|Any CPU
		{5B271DEE-042F-4F7E-B7F8-BA60FB466236}.Release|Any CPU.ActiveCfg = Release|Any CPU
		{5B271DEE-042F-4F7E-B7F8-BA60FB466236}.Release|Any CPU.Build.0 = Release|Any CPU
	EndGlobalSection
	GlobalSection(SolutionProperties) = preSolution
		HideSolutionNode = FALSE
	EndGlobalSection
	GlobalSection(ExtensibilityGlobals) = postSolution
		SolutionGuid = {41F46975-2B6E-4B46-9E01-A17675D97BC8}
	EndGlobalSection
EndGlobal
