
Microsoft Visual Studio Solution File, Format Version 12.00
# Visual Studio 15
VisualStudioVersion = 15.0.27130.2026
MinimumVisualStudioVersion = 10.0.40219.1
Project("{FAE04EC0-301F-11D3-BF4B-00C04F79EFBC}") = "netcore20-console-csharp", "netcore20-console-csharp.csproj", "{B0146BC4-789E-4EC1-9FA8-F93378928B11}"
EndProject
Global
	GlobalSection(SolutionConfigurationPlatforms) = preSolution
		Debug|Any CPU = Debug|Any CPU
		Release|Any CPU = Release|Any CPU
	EndGlobalSection
	GlobalSection(ProjectConfigurationPlatforms) = postSolution
		{B0146BC4-789E-4EC1-9FA8-F93378928B11}.Debug|Any CPU.ActiveCfg = Debug|Any CPU
		{B0146BC4-789E-4EC1-9FA8-F93378928B11}.Debug|Any CPU.Build.0 = Debug|Any CPU
		{B0146BC4-789E-4EC1-9FA8-F93378928B11}.Release|Any CPU.ActiveCfg = Release|Any CPU
		{B0146BC4-789E-4EC1-9FA8-F93378928B11}.Release|Any CPU.Build.0 = Release|Any CPU
	EndGlobalSection
	GlobalSection(SolutionProperties) = preSolution
		HideSolutionNode = FALSE
	EndGlobalSection
	GlobalSection(ExtensibilityGlobals) = postSolution
		SolutionGuid = {370FB300-76E3-40CC-9399-A1A9DB2F7F9E}
	EndGlobalSection
EndGlobal
