
Microsoft Visual Studio Solution File, Format Version 12.00
# Visual Studio 15
VisualStudioVersion = 15.0.27130.2026
MinimumVisualStudioVersion = 10.0.40219.1
Project("{F2A71F9B-5D33-465A-A702-920D77279786}") = "net45-console-fsharp", "net45-console-fsharp.fsproj", "{57AE8A51-A267-4336-A0E0-2B19FB69D7BD}"
EndProject
Global
	GlobalSection(SolutionConfigurationPlatforms) = preSolution
		Debug|Any CPU = Debug|Any CPU
		Release|Any CPU = Release|Any CPU
	EndGlobalSection
	GlobalSection(ProjectConfigurationPlatforms) = postSolution
		{57AE8A51-A267-4336-A0E0-2B19FB69D7BD}.Debug|Any CPU.ActiveCfg = Debug|Any CPU
		{57AE8A51-A267-4336-A0E0-2B19FB69D7BD}.Debug|Any CPU.Build.0 = Debug|Any CPU
		{57AE8A51-A267-4336-A0E0-2B19FB69D7BD}.Release|Any CPU.ActiveCfg = Release|Any CPU
		{57AE8A51-A267-4336-A0E0-2B19FB69D7BD}.Release|Any CPU.Build.0 = Release|Any CPU
	EndGlobalSection
	GlobalSection(SolutionProperties) = preSolution
		HideSolutionNode = FALSE
	EndGlobalSection
	GlobalSection(ExtensibilityGlobals) = postSolution
		SolutionGuid = {AD34F735-19E3-4492-BA8C-5288DE2DE3F2}
	EndGlobalSection
EndGlobal
