
Microsoft Visual Studio Solution File, Format Version 11.00
# Visual Studio 2010
Project("{FAE04EC0-301F-11D3-BF4B-00C04F79EFBC}") = "SilverlightUnitTests", "SilverlightUnitTests\SilverlightUnitTests.csproj", "{2121F1D8-8E6E-4C2D-89DD-48D6295A6F7A}"
EndProject
Project("{FAE04EC0-301F-11D3-BF4B-00C04F79EFBC}") = "SilverlightUnitTests.Web", "SilverlightUnitTests.Web\SilverlightUnitTests.Web.csproj", "{A77DE4BB-7893-40C6-B408-DACB6C895976}"
EndProject
Global
	GlobalSection(SolutionConfigurationPlatforms) = preSolution
		Debug|Any CPU = Debug|Any CPU
		Release|Any CPU = Release|Any CPU
	EndGlobalSection
	GlobalSection(ProjectConfigurationPlatforms) = postSolution
		{2121F1D8-8E6E-4C2D-89DD-48D6295A6F7A}.Debug|Any CPU.ActiveCfg = Debug|Any CPU
		{2121F1D8-8E6E-4C2D-89DD-48D6295A6F7A}.Debug|Any CPU.Build.0 = Debug|Any CPU
		{2121F1D8-8E6E-4C2D-89DD-48D6295A6F7A}.Release|Any CPU.ActiveCfg = Release|Any CPU
		{2121F1D8-8E6E-4C2D-89DD-48D6295A6F7A}.Release|Any CPU.Build.0 = Release|Any CPU
		{A77DE4BB-7893-40C6-B408-DACB6C895976}.Debug|Any CPU.ActiveCfg = Debug|Any CPU
		{A77DE4BB-7893-40C6-B408-DACB6C895976}.Debug|Any CPU.Build.0 = Debug|Any CPU
		{A77DE4BB-7893-40C6-B408-DACB6C895976}.Release|Any CPU.ActiveCfg = Release|Any CPU
		{A77DE4BB-7893-40C6-B408-DACB6C895976}.Release|Any CPU.Build.0 = Release|Any CPU
	EndGlobalSection
	GlobalSection(SolutionProperties) = preSolution
		HideSolutionNode = FALSE
	EndGlobalSection
EndGlobal
