
Microsoft Visual Studio Solution File, Format Version 11.00
# Visual Studio 2010
Project("{FAE04EC0-301F-11D3-BF4B-00C04F79EFBC}") = "SilverlightUnitTests", "SilverlightUnitTests\SilverlightUnitTests.csproj", "{2E7CF5BB-2E02-4654-8964-79675F535727}"
EndProject
Project("{FAE04EC0-301F-11D3-BF4B-00C04F79EFBC}") = "SilverlightUnitTests.Web", "SilverlightUnitTests.Web\SilverlightUnitTests.Web.csproj", "{955CBD46-9E5E-454D-8BA8-087C3AD36CE8}"
EndProject
Global
	GlobalSection(SolutionConfigurationPlatforms) = preSolution
		Debug|Any CPU = Debug|Any CPU
		Release|Any CPU = Release|Any CPU
	EndGlobalSection
	GlobalSection(ProjectConfigurationPlatforms) = postSolution
		{2E7CF5BB-2E02-4654-8964-79675F535727}.Debug|Any CPU.ActiveCfg = Debug|Any CPU
		{2E7CF5BB-2E02-4654-8964-79675F535727}.Debug|Any CPU.Build.0 = Debug|Any CPU
		{2E7CF5BB-2E02-4654-8964-79675F535727}.Release|Any CPU.ActiveCfg = Release|Any CPU
		{2E7CF5BB-2E02-4654-8964-79675F535727}.Release|Any CPU.Build.0 = Release|Any CPU
		{955CBD46-9E5E-454D-8BA8-087C3AD36CE8}.Debug|Any CPU.ActiveCfg = Debug|Any CPU
		{955CBD46-9E5E-454D-8BA8-087C3AD36CE8}.Debug|Any CPU.Build.0 = Debug|Any CPU
		{955CBD46-9E5E-454D-8BA8-087C3AD36CE8}.Release|Any CPU.ActiveCfg = Release|Any CPU
		{955CBD46-9E5E-454D-8BA8-087C3AD36CE8}.Release|Any CPU.Build.0 = Release|Any CPU
	EndGlobalSection
	GlobalSection(SolutionProperties) = preSolution
		HideSolutionNode = FALSE
	EndGlobalSection
EndGlobal
