
Microsoft Visual Studio Solution File, Format Version 10.00
# Visual Studio 2008
Project("{8BC9CEB8-8B4A-11D0-8D11-00A0C91BC942}") = "ATLASWrapper", "ATLASWrapper.vcproj", "{A848B8C9-E72A-4716-A8F1-04104CC2422F}"
EndProject
Global
	GlobalSection(SolutionConfigurationPlatforms) = preSolution
		Debug|Win32 = Debug|Win32
		Release|Win32 = Release|Win32
	EndGlobalSection
	GlobalSection(ProjectConfigurationPlatforms) = postSolution
		{A848B8C9-E72A-4716-A8F1-04104CC2422F}.Debug|Win32.ActiveCfg = Debug|Win32
		{A848B8C9-E72A-4716-A8F1-04104CC2422F}.Debug|Win32.Build.0 = Debug|Win32
		{A848B8C9-E72A-4716-A8F1-04104CC2422F}.Release|Win32.ActiveCfg = Release|Win32
		{A848B8C9-E72A-4716-A8F1-04104CC2422F}.Release|Win32.Build.0 = Release|Win32
	EndGlobalSection
	GlobalSection(SolutionProperties) = preSolution
		HideSolutionNode = FALSE
	EndGlobalSection
EndGlobal
