
Microsoft Visual Studio Solution File, Format Version 12.00
# Visual Studio 2012
Project("{2150E333-8FDC-42A3-9474-1A3956D46DE8}") = "Common", "Common", "{5A0892FF-82CE-40FC-BCE1-73810C615F52}"
	ProjectSection(SolutionItems) = preProject
		..\Common\lapack_common.h = ..\Common\lapack_common.h
		..\Common\resource.h = ..\Common\resource.h
		..\Common\resource.rc = ..\Common\resource.rc
		..\Common\WindowsDLL.cpp = ..\Common\WindowsDLL.cpp
		..\Common\wrapper_common.h = ..\Common\wrapper_common.h
	EndProjectSection
EndProject
Project("{8BC9CEB8-8B4A-11D0-8D11-00A0C91BC942}") = "MKLWrapper", "MKL\MKLWrapper.vcxproj", "{C0B0DBA9-7FB0-4C87-BDB1-3EED19DC2B8F}"
EndProject
Project("{FAE04EC0-301F-11D3-BF4B-00C04F79EFBC}") = "MKLWrapperTests", "MKLWrapperTests\MKLWrapperTests.csproj", "{D0AD591B-0CE6-4A6D-8DEA-01777EE09BC3}"
EndProject
Project("{FAE04EC0-301F-11D3-BF4B-00C04F79EFBC}") = "Numerics", "..\..\Numerics\Numerics.csproj", "{B7CAE5F4-A23F-4438-B5BE-41226618B695}"
EndProject
Project("{FAE04EC0-301F-11D3-BF4B-00C04F79EFBC}") = "Numerics.IO", "..\..\Numerics.IO\Numerics.IO.csproj", "{EB1A5D32-F264-4BCE-BEB7-0B97085075BE}"
EndProject
Global
	GlobalSection(SolutionConfigurationPlatforms) = preSolution
		Debug|Any CPU = Debug|Any CPU
		Debug|Mixed Platforms = Debug|Mixed Platforms
		Debug|Win32 = Debug|Win32
		Debug|x64 = Debug|x64
		Intel_SSA|Any CPU = Intel_SSA|Any CPU
		Intel_SSA|Mixed Platforms = Intel_SSA|Mixed Platforms
		Intel_SSA|Win32 = Intel_SSA|Win32
		Intel_SSA|x64 = Intel_SSA|x64
		Release|Any CPU = Release|Any CPU
		Release|Mixed Platforms = Release|Mixed Platforms
		Release|Win32 = Release|Win32
		Release|x64 = Release|x64
		Release-Signed|Any CPU = Release-Signed|Any CPU
		Release-Signed|Mixed Platforms = Release-Signed|Mixed Platforms
		Release-Signed|Win32 = Release-Signed|Win32
		Release-Signed|x64 = Release-Signed|x64
	EndGlobalSection
	GlobalSection(ProjectConfigurationPlatforms) = postSolution
		{C0B0DBA9-7FB0-4C87-BDB1-3EED19DC2B8F}.Debug|Any CPU.ActiveCfg = Debug|x64
		{C0B0DBA9-7FB0-4C87-BDB1-3EED19DC2B8F}.Debug|Mixed Platforms.ActiveCfg = Release|x64
		{C0B0DBA9-7FB0-4C87-BDB1-3EED19DC2B8F}.Debug|Mixed Platforms.Build.0 = Release|x64
		{C0B0DBA9-7FB0-4C87-BDB1-3EED19DC2B8F}.Debug|Win32.ActiveCfg = Debug|Win32
		{C0B0DBA9-7FB0-4C87-BDB1-3EED19DC2B8F}.Debug|Win32.Build.0 = Debug|Win32
		{C0B0DBA9-7FB0-4C87-BDB1-3EED19DC2B8F}.Debug|x64.ActiveCfg = Debug|x64
		{C0B0DBA9-7FB0-4C87-BDB1-3EED19DC2B8F}.Debug|x64.Build.0 = Debug|x64
		{C0B0DBA9-7FB0-4C87-BDB1-3EED19DC2B8F}.Intel_SSA|Any CPU.ActiveCfg = Intel_SSA|Win32
		{C0B0DBA9-7FB0-4C87-BDB1-3EED19DC2B8F}.Intel_SSA|Mixed Platforms.ActiveCfg = Intel_SSA|Win32
		{C0B0DBA9-7FB0-4C87-BDB1-3EED19DC2B8F}.Intel_SSA|Mixed Platforms.Build.0 = Intel_SSA|Win32
		{C0B0DBA9-7FB0-4C87-BDB1-3EED19DC2B8F}.Intel_SSA|Win32.ActiveCfg = Intel_SSA|Win32
		{C0B0DBA9-7FB0-4C87-BDB1-3EED19DC2B8F}.Intel_SSA|Win32.Build.0 = Intel_SSA|Win32
		{C0B0DBA9-7FB0-4C87-BDB1-3EED19DC2B8F}.Intel_SSA|x64.ActiveCfg = Intel_SSA|x64
		{C0B0DBA9-7FB0-4C87-BDB1-3EED19DC2B8F}.Intel_SSA|x64.Build.0 = Intel_SSA|x64
		{C0B0DBA9-7FB0-4C87-BDB1-3EED19DC2B8F}.Release|Any CPU.ActiveCfg = Release|x64
		{C0B0DBA9-7FB0-4C87-BDB1-3EED19DC2B8F}.Release|Mixed Platforms.ActiveCfg = Release|x64
		{C0B0DBA9-7FB0-4C87-BDB1-3EED19DC2B8F}.Release|Mixed Platforms.Build.0 = Release|x64
		{C0B0DBA9-7FB0-4C87-BDB1-3EED19DC2B8F}.Release|Win32.ActiveCfg = Release|Win32
		{C0B0DBA9-7FB0-4C87-BDB1-3EED19DC2B8F}.Release|Win32.Build.0 = Release|Win32
		{C0B0DBA9-7FB0-4C87-BDB1-3EED19DC2B8F}.Release|x64.ActiveCfg = Release|Win32
		{C0B0DBA9-7FB0-4C87-BDB1-3EED19DC2B8F}.Release|x64.Build.0 = Release|Win32
		{C0B0DBA9-7FB0-4C87-BDB1-3EED19DC2B8F}.Release-Signed|Any CPU.ActiveCfg = Release|Win32
		{C0B0DBA9-7FB0-4C87-BDB1-3EED19DC2B8F}.Release-Signed|Mixed Platforms.ActiveCfg = Release|Win32
		{C0B0DBA9-7FB0-4C87-BDB1-3EED19DC2B8F}.Release-Signed|Mixed Platforms.Build.0 = Release|Win32
		{C0B0DBA9-7FB0-4C87-BDB1-3EED19DC2B8F}.Release-Signed|Win32.ActiveCfg = Release|Win32
		{C0B0DBA9-7FB0-4C87-BDB1-3EED19DC2B8F}.Release-Signed|Win32.Build.0 = Release|Win32
		{C0B0DBA9-7FB0-4C87-BDB1-3EED19DC2B8F}.Release-Signed|x64.ActiveCfg = Release|x64
		{C0B0DBA9-7FB0-4C87-BDB1-3EED19DC2B8F}.Release-Signed|x64.Build.0 = Release|x64
		{D0AD591B-0CE6-4A6D-8DEA-01777EE09BC3}.Debug|Any CPU.ActiveCfg = Debug|Any CPU
		{D0AD591B-0CE6-4A6D-8DEA-01777EE09BC3}.Debug|Any CPU.Build.0 = Debug|Any CPU
		{D0AD591B-0CE6-4A6D-8DEA-01777EE09BC3}.Debug|Mixed Platforms.ActiveCfg = Debug|Any CPU
		{D0AD591B-0CE6-4A6D-8DEA-01777EE09BC3}.Debug|Mixed Platforms.Build.0 = Debug|Any CPU
		{D0AD591B-0CE6-4A6D-8DEA-01777EE09BC3}.Debug|Win32.ActiveCfg = Debug|Any CPU
		{D0AD591B-0CE6-4A6D-8DEA-01777EE09BC3}.Debug|x64.ActiveCfg = Debug|Any CPU
		{D0AD591B-0CE6-4A6D-8DEA-01777EE09BC3}.Intel_SSA|Any CPU.ActiveCfg = Release|Any CPU
		{D0AD591B-0CE6-4A6D-8DEA-01777EE09BC3}.Intel_SSA|Any CPU.Build.0 = Release|Any CPU
		{D0AD591B-0CE6-4A6D-8DEA-01777EE09BC3}.Intel_SSA|Mixed Platforms.ActiveCfg = Release|Any CPU
		{D0AD591B-0CE6-4A6D-8DEA-01777EE09BC3}.Intel_SSA|Mixed Platforms.Build.0 = Release|Any CPU
		{D0AD591B-0CE6-4A6D-8DEA-01777EE09BC3}.Intel_SSA|Win32.ActiveCfg = Release|Any CPU
		{D0AD591B-0CE6-4A6D-8DEA-01777EE09BC3}.Intel_SSA|x64.ActiveCfg = Release|Any CPU
		{D0AD591B-0CE6-4A6D-8DEA-01777EE09BC3}.Release|Any CPU.ActiveCfg = Release|Any CPU
		{D0AD591B-0CE6-4A6D-8DEA-01777EE09BC3}.Release|Any CPU.Build.0 = Release|Any CPU
		{D0AD591B-0CE6-4A6D-8DEA-01777EE09BC3}.Release|Mixed Platforms.ActiveCfg = Release|Any CPU
		{D0AD591B-0CE6-4A6D-8DEA-01777EE09BC3}.Release|Mixed Platforms.Build.0 = Release|Any CPU
		{D0AD591B-0CE6-4A6D-8DEA-01777EE09BC3}.Release|Win32.ActiveCfg = Release|Any CPU
		{D0AD591B-0CE6-4A6D-8DEA-01777EE09BC3}.Release|x64.ActiveCfg = Release|Any CPU
		{D0AD591B-0CE6-4A6D-8DEA-01777EE09BC3}.Release-Signed|Any CPU.ActiveCfg = Release|Any CPU
		{D0AD591B-0CE6-4A6D-8DEA-01777EE09BC3}.Release-Signed|Any CPU.Build.0 = Release|Any CPU
		{D0AD591B-0CE6-4A6D-8DEA-01777EE09BC3}.Release-Signed|Mixed Platforms.ActiveCfg = Release|Any CPU
		{D0AD591B-0CE6-4A6D-8DEA-01777EE09BC3}.Release-Signed|Mixed Platforms.Build.0 = Release|Any CPU
		{D0AD591B-0CE6-4A6D-8DEA-01777EE09BC3}.Release-Signed|Win32.ActiveCfg = Release|Any CPU
		{D0AD591B-0CE6-4A6D-8DEA-01777EE09BC3}.Release-Signed|x64.ActiveCfg = Release|Any CPU
		{B7CAE5F4-A23F-4438-B5BE-41226618B695}.Debug|Any CPU.ActiveCfg = Debug|Any CPU
		{B7CAE5F4-A23F-4438-B5BE-41226618B695}.Debug|Any CPU.Build.0 = Debug|Any CPU
		{B7CAE5F4-A23F-4438-B5BE-41226618B695}.Debug|Mixed Platforms.ActiveCfg = Debug|Any CPU
		{B7CAE5F4-A23F-4438-B5BE-41226618B695}.Debug|Mixed Platforms.Build.0 = Debug|Any CPU
		{B7CAE5F4-A23F-4438-B5BE-41226618B695}.Debug|Win32.ActiveCfg = Debug|Any CPU
		{B7CAE5F4-A23F-4438-B5BE-41226618B695}.Debug|x64.ActiveCfg = Debug|Any CPU
		{B7CAE5F4-A23F-4438-B5BE-41226618B695}.Intel_SSA|Any CPU.ActiveCfg = Release-Signed|Any CPU
		{B7CAE5F4-A23F-4438-B5BE-41226618B695}.Intel_SSA|Any CPU.Build.0 = Release-Signed|Any CPU
		{B7CAE5F4-A23F-4438-B5BE-41226618B695}.Intel_SSA|Mixed Platforms.ActiveCfg = Release-Signed|Any CPU
		{B7CAE5F4-A23F-4438-B5BE-41226618B695}.Intel_SSA|Mixed Platforms.Build.0 = Release-Signed|Any CPU
		{B7CAE5F4-A23F-4438-B5BE-41226618B695}.Intel_SSA|Win32.ActiveCfg = Release-Signed|Any CPU
		{B7CAE5F4-A23F-4438-B5BE-41226618B695}.Intel_SSA|x64.ActiveCfg = Release-Signed|Any CPU
		{B7CAE5F4-A23F-4438-B5BE-41226618B695}.Release|Any CPU.ActiveCfg = Release|Any CPU
		{B7CAE5F4-A23F-4438-B5BE-41226618B695}.Release|Any CPU.Build.0 = Release|Any CPU
		{B7CAE5F4-A23F-4438-B5BE-41226618B695}.Release|Mixed Platforms.ActiveCfg = Release|Any CPU
		{B7CAE5F4-A23F-4438-B5BE-41226618B695}.Release|Mixed Platforms.Build.0 = Release|Any CPU
		{B7CAE5F4-A23F-4438-B5BE-41226618B695}.Release|Win32.ActiveCfg = Release|Any CPU
		{B7CAE5F4-A23F-4438-B5BE-41226618B695}.Release|x64.ActiveCfg = Release|Any CPU
		{B7CAE5F4-A23F-4438-B5BE-41226618B695}.Release-Signed|Any CPU.ActiveCfg = Release-Signed|Any CPU
		{B7CAE5F4-A23F-4438-B5BE-41226618B695}.Release-Signed|Any CPU.Build.0 = Release-Signed|Any CPU
		{B7CAE5F4-A23F-4438-B5BE-41226618B695}.Release-Signed|Mixed Platforms.ActiveCfg = Release-Signed|Any CPU
		{B7CAE5F4-A23F-4438-B5BE-41226618B695}.Release-Signed|Mixed Platforms.Build.0 = Release-Signed|Any CPU
		{B7CAE5F4-A23F-4438-B5BE-41226618B695}.Release-Signed|Win32.ActiveCfg = Release-Signed|Any CPU
		{B7CAE5F4-A23F-4438-B5BE-41226618B695}.Release-Signed|x64.ActiveCfg = Release-Signed|Any CPU
		{EB1A5D32-F264-4BCE-BEB7-0B97085075BE}.Debug|Any CPU.ActiveCfg = Debug|Any CPU
		{EB1A5D32-F264-4BCE-BEB7-0B97085075BE}.Debug|Any CPU.Build.0 = Debug|Any CPU
		{EB1A5D32-F264-4BCE-BEB7-0B97085075BE}.Debug|Mixed Platforms.ActiveCfg = Debug|Any CPU
		{EB1A5D32-F264-4BCE-BEB7-0B97085075BE}.Debug|Mixed Platforms.Build.0 = Debug|Any CPU
		{EB1A5D32-F264-4BCE-BEB7-0B97085075BE}.Debug|Win32.ActiveCfg = Debug|Any CPU
		{EB1A5D32-F264-4BCE-BEB7-0B97085075BE}.Debug|x64.ActiveCfg = Debug|Any CPU
		{EB1A5D32-F264-4BCE-BEB7-0B97085075BE}.Intel_SSA|Any CPU.ActiveCfg = Release-Signed|Any CPU
		{EB1A5D32-F264-4BCE-BEB7-0B97085075BE}.Intel_SSA|Any CPU.Build.0 = Release-Signed|Any CPU
		{EB1A5D32-F264-4BCE-BEB7-0B97085075BE}.Intel_SSA|Mixed Platforms.ActiveCfg = Release-Signed|Any CPU
		{EB1A5D32-F264-4BCE-BEB7-0B97085075BE}.Intel_SSA|Mixed Platforms.Build.0 = Release-Signed|Any CPU
		{EB1A5D32-F264-4BCE-BEB7-0B97085075BE}.Intel_SSA|Win32.ActiveCfg = Release-Signed|Any CPU
		{EB1A5D32-F264-4BCE-BEB7-0B97085075BE}.Intel_SSA|x64.ActiveCfg = Release-Signed|Any CPU
		{EB1A5D32-F264-4BCE-BEB7-0B97085075BE}.Release|Any CPU.ActiveCfg = Release|Any CPU
		{EB1A5D32-F264-4BCE-BEB7-0B97085075BE}.Release|Any CPU.Build.0 = Release|Any CPU
		{EB1A5D32-F264-4BCE-BEB7-0B97085075BE}.Release|Mixed Platforms.ActiveCfg = Release|Any CPU
		{EB1A5D32-F264-4BCE-BEB7-0B97085075BE}.Release|Mixed Platforms.Build.0 = Release|Any CPU
		{EB1A5D32-F264-4BCE-BEB7-0B97085075BE}.Release|Win32.ActiveCfg = Release|Any CPU
		{EB1A5D32-F264-4BCE-BEB7-0B97085075BE}.Release|x64.ActiveCfg = Release|Any CPU
		{EB1A5D32-F264-4BCE-BEB7-0B97085075BE}.Release-Signed|Any CPU.ActiveCfg = Release-Signed|Any CPU
		{EB1A5D32-F264-4BCE-BEB7-0B97085075BE}.Release-Signed|Any CPU.Build.0 = Release-Signed|Any CPU
		{EB1A5D32-F264-4BCE-BEB7-0B97085075BE}.Release-Signed|Mixed Platforms.ActiveCfg = Release-Signed|Any CPU
		{EB1A5D32-F264-4BCE-BEB7-0B97085075BE}.Release-Signed|Mixed Platforms.Build.0 = Release-Signed|Any CPU
		{EB1A5D32-F264-4BCE-BEB7-0B97085075BE}.Release-Signed|Win32.ActiveCfg = Release-Signed|Any CPU
		{EB1A5D32-F264-4BCE-BEB7-0B97085075BE}.Release-Signed|x64.ActiveCfg = Release-Signed|Any CPU
	EndGlobalSection
	GlobalSection(SolutionProperties) = preSolution
		HideSolutionNode = FALSE
	EndGlobalSection
EndGlobal
