
Microsoft Visual Studio Solution File, Format Version 10.00
# Visual Studio 2008
Project("{FAE04EC0-301F-11D3-BF4B-00C04F79EFBC}") = "Examples", "Examples\Examples.csproj", "{8239A6FF-1EF3-4DA4-A860-95C392DD6899}"
EndProject
Project("{FAE04EC0-301F-11D3-BF4B-00C04F79EFBC}") = "Numerics", "Numerics\Numerics.csproj", "{B7CAE5F4-A23F-4438-B5BE-41226618B695}"
EndProject
Project("{FAE04EC0-301F-11D3-BF4B-00C04F79EFBC}") = "UnitTests", "UnitTests\UnitTests.csproj", "{8C9A5D3F-A20C-4D24-A09C-98E187A8D720}"
EndProject
Project("{F2A71F9B-5D33-465A-A702-920D77279786}") = "FSharp", "FSharp\FSharp.fsproj", "{37E8E802-A354-4114-BFC1-6E1357DA605B}"
EndProject
Project("{F2A71F9B-5D33-465A-A702-920D77279786}") = "FSharpExamples", "FSharpExamples\FSharpExamples.fsproj", "{BC81EA37-8EE6-4BF9-B8A9-B30497AEF8B1}"
EndProject
Project("{F2A71F9B-5D33-465A-A702-920D77279786}") = "FSharpUnitTests", "FSharpUnitTests\FSharpUnitTests.fsproj", "{F2F8032B-A31D-4E33-A05E-F2CDCBFAA75D}"
EndProject
Global
	GlobalSection(SolutionConfigurationPlatforms) = preSolution
		Debug|Any CPU = Debug|Any CPU
		Release|Any CPU = Release|Any CPU
	EndGlobalSection
	GlobalSection(ProjectConfigurationPlatforms) = postSolution
		{8239A6FF-1EF3-4DA4-A860-95C392DD6899}.Debug|Any CPU.ActiveCfg = Debug|Any CPU
		{8239A6FF-1EF3-4DA4-A860-95C392DD6899}.Debug|Any CPU.Build.0 = Debug|Any CPU
		{8239A6FF-1EF3-4DA4-A860-95C392DD6899}.Release|Any CPU.ActiveCfg = Release|Any CPU
		{8239A6FF-1EF3-4DA4-A860-95C392DD6899}.Release|Any CPU.Build.0 = Release|Any CPU
		{B7CAE5F4-A23F-4438-B5BE-41226618B695}.Debug|Any CPU.ActiveCfg = Debug|Any CPU
		{B7CAE5F4-A23F-4438-B5BE-41226618B695}.Debug|Any CPU.Build.0 = Debug|Any CPU
		{B7CAE5F4-A23F-4438-B5BE-41226618B695}.Release|Any CPU.ActiveCfg = Release|Any CPU
		{B7CAE5F4-A23F-4438-B5BE-41226618B695}.Release|Any CPU.Build.0 = Release|Any CPU
		{8C9A5D3F-A20C-4D24-A09C-98E187A8D720}.Debug|Any CPU.ActiveCfg = Debug|Any CPU
		{8C9A5D3F-A20C-4D24-A09C-98E187A8D720}.Debug|Any CPU.Build.0 = Debug|Any CPU
		{8C9A5D3F-A20C-4D24-A09C-98E187A8D720}.Release|Any CPU.ActiveCfg = Release|Any CPU
		{8C9A5D3F-A20C-4D24-A09C-98E187A8D720}.Release|Any CPU.Build.0 = Release|Any CPU
		{37E8E802-A354-4114-BFC1-6E1357DA605B}.Debug|Any CPU.ActiveCfg = Debug|Any CPU
		{37E8E802-A354-4114-BFC1-6E1357DA605B}.Debug|Any CPU.Build.0 = Debug|Any CPU
		{37E8E802-A354-4114-BFC1-6E1357DA605B}.Release|Any CPU.ActiveCfg = Release|Any CPU
		{37E8E802-A354-4114-BFC1-6E1357DA605B}.Release|Any CPU.Build.0 = Release|Any CPU
		{BC81EA37-8EE6-4BF9-B8A9-B30497AEF8B1}.Debug|Any CPU.ActiveCfg = Debug|Any CPU
		{BC81EA37-8EE6-4BF9-B8A9-B30497AEF8B1}.Debug|Any CPU.Build.0 = Debug|Any CPU
		{BC81EA37-8EE6-4BF9-B8A9-B30497AEF8B1}.Release|Any CPU.ActiveCfg = Release|Any CPU
		{BC81EA37-8EE6-4BF9-B8A9-B30497AEF8B1}.Release|Any CPU.Build.0 = Release|Any CPU
		{F2F8032B-A31D-4E33-A05E-F2CDCBFAA75D}.Debug|Any CPU.ActiveCfg = Debug|Any CPU
		{F2F8032B-A31D-4E33-A05E-F2CDCBFAA75D}.Debug|Any CPU.Build.0 = Debug|Any CPU
		{F2F8032B-A31D-4E33-A05E-F2CDCBFAA75D}.Release|Any CPU.ActiveCfg = Release|Any CPU
		{F2F8032B-A31D-4E33-A05E-F2CDCBFAA75D}.Release|Any CPU.Build.0 = Release|Any CPU
	EndGlobalSection
	GlobalSection(SolutionProperties) = preSolution
		HideSolutionNode = FALSE
	EndGlobalSection
EndGlobal
